
Microsoft Visual Studio Solution File, Format Version 12.00
# Visual Studio Version 17
VisualStudioVersion = 17.11.35303.130
MinimumVisualStudioVersion = 10.0.40219.1
Project("{FAE04EC0-301F-11D3-BF4B-00C04F79EFBC}") = "laboratorna4", "laboratorna4\laboratorna4.csproj", "{979F4E7C-17A2-4F58-8B89-936FEAE88DA3}"
EndProject
Global
	GlobalSection(SolutionConfigurationPlatforms) = preSolution
		Debug|Any CPU = Debug|Any CPU
		Release|Any CPU = Release|Any CPU
	EndGlobalSection
	GlobalSection(ProjectConfigurationPlatforms) = postSolution
		{979F4E7C-17A2-4F58-8B89-936FEAE88DA3}.Debug|Any CPU.ActiveCfg = Debug|Any CPU
		{979F4E7C-17A2-4F58-8B89-936FEAE88DA3}.Debug|Any CPU.Build.0 = Debug|Any CPU
		{979F4E7C-17A2-4F58-8B89-936FEAE88DA3}.Release|Any CPU.ActiveCfg = Release|Any CPU
		{979F4E7C-17A2-4F58-8B89-936FEAE88DA3}.Release|Any CPU.Build.0 = Release|Any CPU
	EndGlobalSection
	GlobalSection(SolutionProperties) = preSolution
		HideSolutionNode = FALSE
	EndGlobalSection
	GlobalSection(ExtensibilityGlobals) = postSolution
		SolutionGuid = {E69B9A33-42EC-4B8F-947B-33D5AD65D778}
	EndGlobalSection
EndGlobal
